
Microsoft Visual Studio Solution File, Format Version 12.00
# Visual Studio 15
VisualStudioVersion = 15.0.28010.2003
MinimumVisualStudioVersion = 10.0.40219.1
Project("{FAE04EC0-301F-11D3-BF4B-00C04F79EFBC}") = "Pay_NetCore2", "Pay_NetCore2\Pay_NetCore2.csproj", "{5E653F1D-FEB9-4E6D-807D-D33B4B1A451A}"
EndProject
Global
	GlobalSection(SolutionConfigurationPlatforms) = preSolution
		Debug|Any CPU = Debug|Any CPU
		Release|Any CPU = Release|Any CPU
	EndGlobalSection
	GlobalSection(ProjectConfigurationPlatforms) = postSolution
		{5E653F1D-FEB9-4E6D-807D-D33B4B1A451A}.Debug|Any CPU.ActiveCfg = Debug|Any CPU
		{5E653F1D-FEB9-4E6D-807D-D33B4B1A451A}.Debug|Any CPU.Build.0 = Debug|Any CPU
		{5E653F1D-FEB9-4E6D-807D-D33B4B1A451A}.Release|Any CPU.ActiveCfg = Release|Any CPU
		{5E653F1D-FEB9-4E6D-807D-D33B4B1A451A}.Release|Any CPU.Build.0 = Release|Any CPU
	EndGlobalSection
	GlobalSection(SolutionProperties) = preSolution
		HideSolutionNode = FALSE
	EndGlobalSection
	GlobalSection(ExtensibilityGlobals) = postSolution
		SolutionGuid = {28F87768-6703-4FA7-86A4-59E75A034C83}
	EndGlobalSection
EndGlobal
